
Microsoft Visual Studio Solution File, Format Version 12.00
# Visual Studio 2012
Project("{FAE04EC0-301F-11D3-BF4B-00C04F79EFBC}") = "AMLCurranShowcaseViewBindingLib.Android", "AMLCurranShowcaseViewBindingLib.Android\AMLCurranShowcaseViewBindingLib.Android.csproj", "{AFE7D5C3-8041-42B0-9137-2012BBE319DB}"
EndProject
Project("{FAE04EC0-301F-11D3-BF4B-00C04F79EFBC}") = "BindingLibTestApp", "BindingLibTestApp\BindingLibTestApp.csproj", "{3069AC85-783A-4662-8F18-3F31088C1B8A}"
EndProject
Global
	GlobalSection(SolutionConfigurationPlatforms) = preSolution
		Debug|Any CPU = Debug|Any CPU
		Release|Any CPU = Release|Any CPU
	EndGlobalSection
	GlobalSection(ProjectConfigurationPlatforms) = postSolution
		{3069AC85-783A-4662-8F18-3F31088C1B8A}.Debug|Any CPU.ActiveCfg = Debug|Any CPU
		{3069AC85-783A-4662-8F18-3F31088C1B8A}.Debug|Any CPU.Build.0 = Debug|Any CPU
		{3069AC85-783A-4662-8F18-3F31088C1B8A}.Release|Any CPU.ActiveCfg = Release|Any CPU
		{3069AC85-783A-4662-8F18-3F31088C1B8A}.Release|Any CPU.Build.0 = Release|Any CPU
		{AFE7D5C3-8041-42B0-9137-2012BBE319DB}.Debug|Any CPU.ActiveCfg = Debug|Any CPU
		{AFE7D5C3-8041-42B0-9137-2012BBE319DB}.Debug|Any CPU.Build.0 = Debug|Any CPU
		{AFE7D5C3-8041-42B0-9137-2012BBE319DB}.Release|Any CPU.ActiveCfg = Release|Any CPU
		{AFE7D5C3-8041-42B0-9137-2012BBE319DB}.Release|Any CPU.Build.0 = Release|Any CPU
	EndGlobalSection
EndGlobal
